
Microsoft Visual Studio Solution File, Format Version 12.00
# Visual Studio 2012
Project("{FAE04EC0-301F-11D3-BF4B-00C04F79EFBC}") = "Judy", "Judy\Judy.csproj", "{39366B95-9306-42BF-8F9F-7B4C13835D10}"
EndProject
Project("{FAE04EC0-301F-11D3-BF4B-00C04F79EFBC}") = "JudyCore", "JudyCore\JudyCore.csproj", "{EE946CF3-6D95-4D49-9904-DEFBB708C7D2}"
EndProject
Project("{FAE04EC0-301F-11D3-BF4B-00C04F79EFBC}") = "JudyLib", "JudyLib\JudyLib.csproj", "{1972F683-E41B-4900-8CDF-7A9FFBF97600}"
EndProject
Global
	GlobalSection(SolutionConfigurationPlatforms) = preSolution
		Debug|Any CPU = Debug|Any CPU
		Release|Any CPU = Release|Any CPU
	EndGlobalSection
	GlobalSection(ProjectConfigurationPlatforms) = postSolution
		{39366B95-9306-42BF-8F9F-7B4C13835D10}.Debug|Any CPU.ActiveCfg = Debug|Any CPU
		{39366B95-9306-42BF-8F9F-7B4C13835D10}.Debug|Any CPU.Build.0 = Debug|Any CPU
		{39366B95-9306-42BF-8F9F-7B4C13835D10}.Release|Any CPU.ActiveCfg = Release|Any CPU
		{39366B95-9306-42BF-8F9F-7B4C13835D10}.Release|Any CPU.Build.0 = Release|Any CPU
		{EE946CF3-6D95-4D49-9904-DEFBB708C7D2}.Debug|Any CPU.ActiveCfg = Debug|Any CPU
		{EE946CF3-6D95-4D49-9904-DEFBB708C7D2}.Debug|Any CPU.Build.0 = Debug|Any CPU
		{EE946CF3-6D95-4D49-9904-DEFBB708C7D2}.Release|Any CPU.ActiveCfg = Release|Any CPU
		{EE946CF3-6D95-4D49-9904-DEFBB708C7D2}.Release|Any CPU.Build.0 = Release|Any CPU
		{1972F683-E41B-4900-8CDF-7A9FFBF97600}.Debug|Any CPU.ActiveCfg = Debug|Any CPU
		{1972F683-E41B-4900-8CDF-7A9FFBF97600}.Debug|Any CPU.Build.0 = Debug|Any CPU
		{1972F683-E41B-4900-8CDF-7A9FFBF97600}.Release|Any CPU.ActiveCfg = Release|Any CPU
		{1972F683-E41B-4900-8CDF-7A9FFBF97600}.Release|Any CPU.Build.0 = Release|Any CPU
	EndGlobalSection
	GlobalSection(SolutionProperties) = preSolution
		HideSolutionNode = FALSE
	EndGlobalSection
EndGlobal
